
Microsoft Visual Studio Solution File, Format Version 12.00
# Visual Studio Version 17
VisualStudioVersion = 17.3.32825.248
MinimumVisualStudioVersion = 10.0.40219.1
Project("{9A19103F-16F7-4668-BE54-9A1E7A4F7556}") = "Less5", "Less5.csproj", "{F340E572-179E-4A95-AB9F-BE8F35D2E039}"
EndProject
Project("{9A19103F-16F7-4668-BE54-9A1E7A4F7556}") = "Less5_classwork", "..\Less5_classwork\Less5_classwork.csproj", "{1123EAE1-F4A8-41B9-ADA2-23AD0645AF65}"
EndProject
Project("{9A19103F-16F7-4668-BE54-9A1E7A4F7556}") = "Lesson5_HomeWork", "..\Test\Lesson5_HomeWork.csproj", "{ACE51E97-0865-4278-B994-609DECB884C5}"
EndProject
Global
	GlobalSection(SolutionConfigurationPlatforms) = preSolution
		Debug|Any CPU = Debug|Any CPU
		Release|Any CPU = Release|Any CPU
	EndGlobalSection
	GlobalSection(ProjectConfigurationPlatforms) = postSolution
		{F340E572-179E-4A95-AB9F-BE8F35D2E039}.Debug|Any CPU.ActiveCfg = Debug|Any CPU
		{F340E572-179E-4A95-AB9F-BE8F35D2E039}.Debug|Any CPU.Build.0 = Debug|Any CPU
		{F340E572-179E-4A95-AB9F-BE8F35D2E039}.Release|Any CPU.ActiveCfg = Release|Any CPU
		{F340E572-179E-4A95-AB9F-BE8F35D2E039}.Release|Any CPU.Build.0 = Release|Any CPU
		{1123EAE1-F4A8-41B9-ADA2-23AD0645AF65}.Debug|Any CPU.ActiveCfg = Debug|Any CPU
		{1123EAE1-F4A8-41B9-ADA2-23AD0645AF65}.Debug|Any CPU.Build.0 = Debug|Any CPU
		{1123EAE1-F4A8-41B9-ADA2-23AD0645AF65}.Release|Any CPU.ActiveCfg = Release|Any CPU
		{1123EAE1-F4A8-41B9-ADA2-23AD0645AF65}.Release|Any CPU.Build.0 = Release|Any CPU
		{ACE51E97-0865-4278-B994-609DECB884C5}.Debug|Any CPU.ActiveCfg = Debug|Any CPU
		{ACE51E97-0865-4278-B994-609DECB884C5}.Debug|Any CPU.Build.0 = Debug|Any CPU
		{ACE51E97-0865-4278-B994-609DECB884C5}.Release|Any CPU.ActiveCfg = Release|Any CPU
		{ACE51E97-0865-4278-B994-609DECB884C5}.Release|Any CPU.Build.0 = Release|Any CPU
	EndGlobalSection
	GlobalSection(SolutionProperties) = preSolution
		HideSolutionNode = FALSE
	EndGlobalSection
	GlobalSection(ExtensibilityGlobals) = postSolution
		SolutionGuid = {E3B3DEF7-4CE6-404B-9EEB-522C05DF2A73}
	EndGlobalSection
EndGlobal
